
Microsoft Visual Studio Solution File, Format Version 12.00
# Visual Studio 15
VisualStudioVersion = 15.0.27703.2035
MinimumVisualStudioVersion = 10.0.40219.1
Project("{FAE04EC0-301F-11D3-BF4B-00C04F79EFBC}") = "35-SearchInsertPosition", "35-SearchInsertPosition\35-SearchInsertPosition.csproj", "{09F9C981-3AEB-4D37-80C7-2C8ED55A2AEC}"
EndProject
Global
	GlobalSection(SolutionConfigurationPlatforms) = preSolution
		Debug|Any CPU = Debug|Any CPU
		Release|Any CPU = Release|Any CPU
	EndGlobalSection
	GlobalSection(ProjectConfigurationPlatforms) = postSolution
		{09F9C981-3AEB-4D37-80C7-2C8ED55A2AEC}.Debug|Any CPU.ActiveCfg = Debug|Any CPU
		{09F9C981-3AEB-4D37-80C7-2C8ED55A2AEC}.Debug|Any CPU.Build.0 = Debug|Any CPU
		{09F9C981-3AEB-4D37-80C7-2C8ED55A2AEC}.Release|Any CPU.ActiveCfg = Release|Any CPU
		{09F9C981-3AEB-4D37-80C7-2C8ED55A2AEC}.Release|Any CPU.Build.0 = Release|Any CPU
	EndGlobalSection
	GlobalSection(SolutionProperties) = preSolution
		HideSolutionNode = FALSE
	EndGlobalSection
	GlobalSection(ExtensibilityGlobals) = postSolution
		SolutionGuid = {EC00D3E7-EC7D-4E06-A6EA-782EB143443B}
	EndGlobalSection
EndGlobal
