
Microsoft Visual Studio Solution File, Format Version 12.00
# Visual Studio 15
VisualStudioVersion = 15.0.27703.2035
MinimumVisualStudioVersion = 10.0.40219.1
Project("{FAE04EC0-301F-11D3-BF4B-00C04F79EFBC}") = "707-DesignLinkedList", "707-DesignLinkedList\707-DesignLinkedList.csproj", "{A832F315-21F0-4EFA-B6C7-19A33F7F5745}"
EndProject
Global
	GlobalSection(SolutionConfigurationPlatforms) = preSolution
		Debug|Any CPU = Debug|Any CPU
		Release|Any CPU = Release|Any CPU
	EndGlobalSection
	GlobalSection(ProjectConfigurationPlatforms) = postSolution
		{A832F315-21F0-4EFA-B6C7-19A33F7F5745}.Debug|Any CPU.ActiveCfg = Debug|Any CPU
		{A832F315-21F0-4EFA-B6C7-19A33F7F5745}.Debug|Any CPU.Build.0 = Debug|Any CPU
		{A832F315-21F0-4EFA-B6C7-19A33F7F5745}.Release|Any CPU.ActiveCfg = Release|Any CPU
		{A832F315-21F0-4EFA-B6C7-19A33F7F5745}.Release|Any CPU.Build.0 = Release|Any CPU
	EndGlobalSection
	GlobalSection(SolutionProperties) = preSolution
		HideSolutionNode = FALSE
	EndGlobalSection
	GlobalSection(ExtensibilityGlobals) = postSolution
		SolutionGuid = {75E955E9-1425-44F4-92DC-79980B952D56}
	EndGlobalSection
EndGlobal
